{
    "_readme": [
        "This file locks the dependencies of your project to a known state",
        "Read more about it at https://getcomposer.org/doc/01-basic-usage.md#composer-lock-the-lock-file",
        "This file is @generated automatically"
    ],
    "hash": "faece35f4da35a50bcf04358a3dd4ed5",
    "content-hash": "407fc06fbbe5a290250c3cb516a4d80c",
    "packages": [
        {
            "name": "symfony/expression-language",
            "version": "v2.8.1",
            "source": {
                "type": "git",
                "url": "https://github.com/symfony/expression-language.git",
                "reference": "6b3dc2ac918bc5839b49024db0e0171cd0f94f63"
            },
            "dist": {
                "type": "zip",
                "url": "https://api.github.com/repos/symfony/expression-language/zipball/6b3dc2ac918bc5839b49024db0e0171cd0f94f63",
                "reference": "6b3dc2ac918bc5839b49024db0e0171cd0f94f63",
                "shasum": ""
            },
            "require": {
                "php": ">=5.3.9"
            },
            "type": "library",
            "extra": {
                "branch-alias": {
                    "dev-master": "2.8-dev"
                }
            },
            "autoload": {
                "psr-4": {
                    "Symfony\\Component\\ExpressionLanguage\\": ""
                },
                "exclude-from-classmap": [
                    "/Tests/"
                ]
            },
            "notification-url": "https://packagist.org/downloads/",
            "license": [
                "MIT"
            ],
            "authors": [
                {
                    "name": "Fabien Potencier",
                    "email": "fabien@symfony.com"
                },
                {
                    "name": "Symfony Community",
                    "homepage": "https://symfony.com/contributors"
                }
            ],
            "description": "Symfony ExpressionLanguage Component",
            "homepage": "https://symfony.com",
            "time": "2015-10-30 20:15:42"
        }
    ],
    "packages-dev": [],
    "aliases": [],
    "minimum-stability": "stable",
    "stability-flags": [],
    "prefer-stable": false,
    "prefer-lowest": false,
    "platform": [],
    "platform-dev": []
}
